
Microsoft Visual Studio Solution File, Format Version 12.00
# Visual Studio Version 17
VisualStudioVersion = 17.11.35312.102
MinimumVisualStudioVersion = 10.0.40219.1
Project("{FAE04EC0-301F-11D3-BF4B-00C04F79EFBC}") = "SurveyWeb", "surveyweb\SurveyWeb.csproj", "{796915AB-7DB0-4517-8726-0710AC3A56AF}"
EndProject
Project("{FAE04EC0-301F-11D3-BF4B-00C04F79EFBC}") = "surveyapi", "surveyapi\surveyapi.csproj", "{0493C0EB-237F-4AE6-86A8-E369C9C674DA}"
EndProject
Project("{FAE04EC0-301F-11D3-BF4B-00C04F79EFBC}") = "SurveyShared", "SurveyShared\SurveyShared.csproj", "{057E48DD-7BC3-484F-BFA5-D7E7420CE68A}"
EndProject
Global
	GlobalSection(SolutionConfigurationPlatforms) = preSolution
		Debug|Any CPU = Debug|Any CPU
		Release|Any CPU = Release|Any CPU
	EndGlobalSection
	GlobalSection(ProjectConfigurationPlatforms) = postSolution
		{796915AB-7DB0-4517-8726-0710AC3A56AF}.Debug|Any CPU.ActiveCfg = Debug|Any CPU
		{796915AB-7DB0-4517-8726-0710AC3A56AF}.Debug|Any CPU.Build.0 = Debug|Any CPU
		{796915AB-7DB0-4517-8726-0710AC3A56AF}.Release|Any CPU.ActiveCfg = Release|Any CPU
		{796915AB-7DB0-4517-8726-0710AC3A56AF}.Release|Any CPU.Build.0 = Release|Any CPU
		{0493C0EB-237F-4AE6-86A8-E369C9C674DA}.Debug|Any CPU.ActiveCfg = Debug|Any CPU
		{0493C0EB-237F-4AE6-86A8-E369C9C674DA}.Debug|Any CPU.Build.0 = Debug|Any CPU
		{0493C0EB-237F-4AE6-86A8-E369C9C674DA}.Release|Any CPU.ActiveCfg = Release|Any CPU
		{0493C0EB-237F-4AE6-86A8-E369C9C674DA}.Release|Any CPU.Build.0 = Release|Any CPU
		{057E48DD-7BC3-484F-BFA5-D7E7420CE68A}.Debug|Any CPU.ActiveCfg = Debug|Any CPU
		{057E48DD-7BC3-484F-BFA5-D7E7420CE68A}.Debug|Any CPU.Build.0 = Debug|Any CPU
		{057E48DD-7BC3-484F-BFA5-D7E7420CE68A}.Release|Any CPU.ActiveCfg = Release|Any CPU
		{057E48DD-7BC3-484F-BFA5-D7E7420CE68A}.Release|Any CPU.Build.0 = Release|Any CPU
	EndGlobalSection
	GlobalSection(SolutionProperties) = preSolution
		HideSolutionNode = FALSE
	EndGlobalSection
	GlobalSection(ExtensibilityGlobals) = postSolution
		SolutionGuid = {0129D336-3810-4833-8725-1039B3BEB204}
	EndGlobalSection
EndGlobal
