
Microsoft Visual Studio Solution File, Format Version 12.00
# Visual Studio Version 17
VisualStudioVersion = 17.11.35312.102
MinimumVisualStudioVersion = 10.0.40219.1
Project("{FAE04EC0-301F-11D3-BF4B-00C04F79EFBC}") = "surveyapi", "surveyapi.csproj", "{9386C80D-682B-4CA7-8CE7-5E03C698BDA8}"
EndProject
Global
	GlobalSection(SolutionConfigurationPlatforms) = preSolution
		Debug|Any CPU = Debug|Any CPU
		Release|Any CPU = Release|Any CPU
	EndGlobalSection
	GlobalSection(ProjectConfigurationPlatforms) = postSolution
		{9386C80D-682B-4CA7-8CE7-5E03C698BDA8}.Debug|Any CPU.ActiveCfg = Debug|Any CPU
		{9386C80D-682B-4CA7-8CE7-5E03C698BDA8}.Debug|Any CPU.Build.0 = Debug|Any CPU
		{9386C80D-682B-4CA7-8CE7-5E03C698BDA8}.Release|Any CPU.ActiveCfg = Release|Any CPU
		{9386C80D-682B-4CA7-8CE7-5E03C698BDA8}.Release|Any CPU.Build.0 = Release|Any CPU
		{C3925875-D5E0-4C62-95FD-9E396AFE6AA4}.Debug|Any CPU.ActiveCfg = Debug|Any CPU
		{C3925875-D5E0-4C62-95FD-9E396AFE6AA4}.Debug|Any CPU.Build.0 = Debug|Any CPU
		{C3925875-D5E0-4C62-95FD-9E396AFE6AA4}.Release|Any CPU.ActiveCfg = Release|Any CPU
		{C3925875-D5E0-4C62-95FD-9E396AFE6AA4}.Release|Any CPU.Build.0 = Release|Any CPU
	EndGlobalSection
	GlobalSection(SolutionProperties) = preSolution
		HideSolutionNode = FALSE
	EndGlobalSection
	GlobalSection(ExtensibilityGlobals) = postSolution
		SolutionGuid = {578AFB56-A466-4442-8540-82ADA4D5013E}
	EndGlobalSection
EndGlobal
